// !$*UTF8*$!
{
	archiveVersion = 1;
	classes = {
	};
	objectVersion = 56;
	objects = {

/* Begin PBXBuildFile section */
		1808BD2B29ED07E60058FD07 /* ARVideoViewController.swift in Sources */ = {isa = PBXBuildFile; fileRef = 1808BD2A29ED07E60058FD07 /* ARVideoViewController.swift */; };
		180B915B29C6665900701D93 /* StartViewController.swift in Sources */ = {isa = PBXBuildFile; fileRef = 180B915A29C6665900701D93 /* StartViewController.swift */; };
		180B915D29C666C900701D93 /* ModeChoiceViewController.swift in Sources */ = {isa = PBXBuildFile; fileRef = 180B915C29C666C900701D93 /* ModeChoiceViewController.swift */; };
		187622AA29E215D60040B1EA /* ARViewController.swift in Sources */ = {isa = PBXBuildFile; fileRef = 187622A929E215D60040B1EA /* ARViewController.swift */; };
		187622AC29E219C00040B1EA /* SiteConfirmViewController.swift in Sources */ = {isa = PBXBuildFile; fileRef = 187622AB29E219C00040B1EA /* SiteConfirmViewController.swift */; };
		18A63E1529E326B20015B232 /* MapViewController.swift in Sources */ = {isa = PBXBuildFile; fileRef = 18A63E1429E326B20015B232 /* MapViewController.swift */; };
		18A63E1729E343BE0015B232 /* IntroViewController.swift in Sources */ = {isa = PBXBuildFile; fileRef = 18A63E1629E343BE0015B232 /* IntroViewController.swift */; };
		18D395F229BC348100B3A467 /* AppDelegate.swift in Sources */ = {isa = PBXBuildFile; fileRef = 18D395F129BC348100B3A467 /* AppDelegate.swift */; };
		18D395F429BC348100B3A467 /* art.scnassets in Resources */ = {isa = PBXBuildFile; fileRef = 18D395F329BC348100B3A467 /* art.scnassets */; };
		18D395F629BC348100B3A467 /* ViewController.swift in Sources */ = {isa = PBXBuildFile; fileRef = 18D395F529BC348100B3A467 /* ViewController.swift */; };
		18D395F929BC348100B3A467 /* Main.storyboard in Resources */ = {isa = PBXBuildFile; fileRef = 18D395F729BC348100B3A467 /* Main.storyboard */; };
		18D395FB29BC348400B3A467 /* Assets.xcassets in Resources */ = {isa = PBXBuildFile; fileRef = 18D395FA29BC348400B3A467 /* Assets.xcassets */; };
		18D395FE29BC348400B3A467 /* LaunchScreen.storyboard in Resources */ = {isa = PBXBuildFile; fileRef = 18D395FC29BC348400B3A467 /* LaunchScreen.storyboard */; };
		18D3960829BC348500B3A467 /* ARYIMBYTests.swift in Sources */ = {isa = PBXBuildFile; fileRef = 18D3960729BC348500B3A467 /* ARYIMBYTests.swift */; };
		18D3961229BC348500B3A467 /* ARYIMBYUITests.swift in Sources */ = {isa = PBXBuildFile; fileRef = 18D3961129BC348500B3A467 /* ARYIMBYUITests.swift */; };
		18D3961429BC348500B3A467 /* ARYIMBYUITestsLaunchTests.swift in Sources */ = {isa = PBXBuildFile; fileRef = 18D3961329BC348500B3A467 /* ARYIMBYUITestsLaunchTests.swift */; };
/* End PBXBuildFile section */

/* Begin PBXContainerItemProxy section */
		18D3960429BC348500B3A467 /* PBXContainerItemProxy */ = {
			isa = PBXContainerItemProxy;
			containerPortal = 18D395E629BC348100B3A467 /* Project object */;
			proxyType = 1;
			remoteGlobalIDString = 18D395ED29BC348100B3A467;
			remoteInfo = ARYIMBY;
		};
		18D3960E29BC348500B3A467 /* PBXContainerItemProxy */ = {
			isa = PBXContainerItemProxy;
			containerPortal = 18D395E629BC348100B3A467 /* Project object */;
			proxyType = 1;
			remoteGlobalIDString = 18D395ED29BC348100B3A467;
			remoteInfo = ARYIMBY;
		};
/* End PBXContainerItemProxy section */

/* Begin PBXFileReference section */
		1808BD2A29ED07E60058FD07 /* ARVideoViewController.swift */ = {isa = PBXFileReference; lastKnownFileType = sourcecode.swift; path = ARVideoViewController.swift; sourceTree = "<group>"; };
		180B915A29C6665900701D93 /* StartViewController.swift */ = {isa = PBXFileReference; lastKnownFileType = sourcecode.swift; path = StartViewController.swift; sourceTree = "<group>"; };
		180B915C29C666C900701D93 /* ModeChoiceViewController.swift */ = {isa = PBXFileReference; lastKnownFileType = sourcecode.swift; path = ModeChoiceViewController.swift; sourceTree = "<group>"; };
		187622A929E215D60040B1EA /* ARViewController.swift */ = {isa = PBXFileReference; lastKnownFileType = sourcecode.swift; path = ARViewController.swift; sourceTree = "<group>"; };
		187622AB29E219C00040B1EA /* SiteConfirmViewController.swift */ = {isa = PBXFileReference; lastKnownFileType = sourcecode.swift; path = SiteConfirmViewController.swift; sourceTree = "<group>"; };
		18A63E1429E326B20015B232 /* MapViewController.swift */ = {isa = PBXFileReference; lastKnownFileType = sourcecode.swift; path = MapViewController.swift; sourceTree = "<group>"; };
		18A63E1629E343BE0015B232 /* IntroViewController.swift */ = {isa = PBXFileReference; lastKnownFileType = sourcecode.swift; path = IntroViewController.swift; sourceTree = "<group>"; };
		18D395EE29BC348100B3A467 /* ARYIMBY.app */ = {isa = PBXFileReference; explicitFileType = wrapper.application; includeInIndex = 0; path = ARYIMBY.app; sourceTree = BUILT_PRODUCTS_DIR; };
		18D395F129BC348100B3A467 /* AppDelegate.swift */ = {isa = PBXFileReference; lastKnownFileType = sourcecode.swift; path = AppDelegate.swift; sourceTree = "<group>"; };
		18D395F329BC348100B3A467 /* art.scnassets */ = {isa = PBXFileReference; lastKnownFileType = wrapper.scnassets; path = art.scnassets; sourceTree = "<group>"; };
		18D395F529BC348100B3A467 /* ViewController.swift */ = {isa = PBXFileReference; lastKnownFileType = sourcecode.swift; path = ViewController.swift; sourceTree = "<group>"; };
		18D395F829BC348100B3A467 /* Base */ = {isa = PBXFileReference; lastKnownFileType = file.storyboard; name = Base; path = Base.lproj/Main.storyboard; sourceTree = "<group>"; };
		18D395FA29BC348400B3A467 /* Assets.xcassets */ = {isa = PBXFileReference; lastKnownFileType = folder.assetcatalog; path = Assets.xcassets; sourceTree = "<group>"; };
		18D395FD29BC348400B3A467 /* Base */ = {isa = PBXFileReference; lastKnownFileType = file.storyboard; name = Base; path = Base.lproj/LaunchScreen.storyboard; sourceTree = "<group>"; };
		18D3960329BC348500B3A467 /* ARYIMBYTests.xctest */ = {isa = PBXFileReference; explicitFileType = wrapper.cfbundle; includeInIndex = 0; path = ARYIMBYTests.xctest; sourceTree = BUILT_PRODUCTS_DIR; };
		18D3960729BC348500B3A467 /* ARYIMBYTests.swift */ = {isa = PBXFileReference; lastKnownFileType = sourcecode.swift; path = ARYIMBYTests.swift; sourceTree = "<group>"; };
		18D3960D29BC348500B3A467 /* ARYIMBYUITests.xctest */ = {isa = PBXFileReference; explicitFileType = wrapper.cfbundle; includeInIndex = 0; path = ARYIMBYUITests.xctest; sourceTree = BUILT_PRODUCTS_DIR; };
		18D3961129BC348500B3A467 /* ARYIMBYUITests.swift */ = {isa = PBXFileReference; lastKnownFileType = sourcecode.swift; path = ARYIMBYUITests.swift; sourceTree = "<group>"; };
		18D3961329BC348500B3A467 /* ARYIMBYUITestsLaunchTests.swift */ = {isa = PBXFileReference; lastKnownFileType = sourcecode.swift; path = ARYIMBYUITestsLaunchTests.swift; sourceTree = "<group>"; };
/* End PBXFileReference section */

/* Begin PBXFrameworksBuildPhase section */
		18D395EB29BC348100B3A467 /* Frameworks */ = {
			isa = PBXFrameworksBuildPhase;
			buildActionMask = 2147483647;
			files = (
			);
			runOnlyForDeploymentPostprocessing = 0;
		};
		18D3960029BC348500B3A467 /* Frameworks */ = {
			isa = PBXFrameworksBuildPhase;
			buildActionMask = 2147483647;
			files = (
			);
			runOnlyForDeploymentPostprocessing = 0;
		};
		18D3960A29BC348500B3A467 /* Frameworks */ = {
			isa = PBXFrameworksBuildPhase;
			buildActionMask = 2147483647;
			files = (
			);
			runOnlyForDeploymentPostprocessing = 0;
		};
/* End PBXFrameworksBuildPhase section */

/* Begin PBXGroup section */
		18D395E529BC348100B3A467 = {
			isa = PBXGroup;
			children = (
				18D395F029BC348100B3A467 /* ARYIMBY */,
				18D3960629BC348500B3A467 /* ARYIMBYTests */,
				18D3961029BC348500B3A467 /* ARYIMBYUITests */,
				18D395EF29BC348100B3A467 /* Products */,
			);
			sourceTree = "<group>";
		};
		18D395EF29BC348100B3A467 /* Products */ = {
			isa = PBXGroup;
			children = (
				18D395EE29BC348100B3A467 /* ARYIMBY.app */,
				18D3960329BC348500B3A467 /* ARYIMBYTests.xctest */,
				18D3960D29BC348500B3A467 /* ARYIMBYUITests.xctest */,
			);
			name = Products;
			sourceTree = "<group>";
		};
		18D395F029BC348100B3A467 /* ARYIMBY */ = {
			isa = PBXGroup;
			children = (
				18D395F129BC348100B3A467 /* AppDelegate.swift */,
				18D395F329BC348100B3A467 /* art.scnassets */,
				18D395F529BC348100B3A467 /* ViewController.swift */,
				18D395F729BC348100B3A467 /* Main.storyboard */,
				18D395FA29BC348400B3A467 /* Assets.xcassets */,
				18D395FC29BC348400B3A467 /* LaunchScreen.storyboard */,
				180B915A29C6665900701D93 /* StartViewController.swift */,
				180B915C29C666C900701D93 /* ModeChoiceViewController.swift */,
				187622A929E215D60040B1EA /* ARViewController.swift */,
				187622AB29E219C00040B1EA /* SiteConfirmViewController.swift */,
				18A63E1429E326B20015B232 /* MapViewController.swift */,
				18A63E1629E343BE0015B232 /* IntroViewController.swift */,
				1808BD2A29ED07E60058FD07 /* ARVideoViewController.swift */,
			);
			path = ARYIMBY;
			sourceTree = "<group>";
		};
		18D3960629BC348500B3A467 /* ARYIMBYTests */ = {
			isa = PBXGroup;
			children = (
				18D3960729BC348500B3A467 /* ARYIMBYTests.swift */,
			);
			path = ARYIMBYTests;
			sourceTree = "<group>";
		};
		18D3961029BC348500B3A467 /* ARYIMBYUITests */ = {
			isa = PBXGroup;
			children = (
				18D3961129BC348500B3A467 /* ARYIMBYUITests.swift */,
				18D3961329BC348500B3A467 /* ARYIMBYUITestsLaunchTests.swift */,
			);
			path = ARYIMBYUITests;
			sourceTree = "<group>";
		};
/* End PBXGroup section */

/* Begin PBXNativeTarget section */
		18D395ED29BC348100B3A467 /* ARYIMBY */ = {
			isa = PBXNativeTarget;
			buildConfigurationList = 18D3961729BC348500B3A467 /* Build configuration list for PBXNativeTarget "ARYIMBY" */;
			buildPhases = (
				18D395EA29BC348100B3A467 /* Sources */,
				18D395EB29BC348100B3A467 /* Frameworks */,
				18D395EC29BC348100B3A467 /* Resources */,
			);
			buildRules = (
			);
			dependencies = (
			);
			name = ARYIMBY;
			productName = ARYIMBY;
			productReference = 18D395EE29BC348100B3A467 /* ARYIMBY.app */;
			productType = "com.apple.product-type.application";
		};
		18D3960229BC348500B3A467 /* ARYIMBYTests */ = {
			isa = PBXNativeTarget;
			buildConfigurationList = 18D3961A29BC348500B3A467 /* Build configuration list for PBXNativeTarget "ARYIMBYTests" */;
			buildPhases = (
				18D395FF29BC348500B3A467 /* Sources */,
				18D3960029BC348500B3A467 /* Frameworks */,
				18D3960129BC348500B3A467 /* Resources */,
			);
			buildRules = (
			);
			dependencies = (
				18D3960529BC348500B3A467 /* PBXTargetDependency */,
			);
			name = ARYIMBYTests;
			productName = ARYIMBYTests;
			productReference = 18D3960329BC348500B3A467 /* ARYIMBYTests.xctest */;
			productType = "com.apple.product-type.bundle.unit-test";
		};
		18D3960C29BC348500B3A467 /* ARYIMBYUITests */ = {
			isa = PBXNativeTarget;
			buildConfigurationList = 18D3961D29BC348500B3A467 /* Build configuration list for PBXNativeTarget "ARYIMBYUITests" */;
			buildPhases = (
				18D3960929BC348500B3A467 /* Sources */,
				18D3960A29BC348500B3A467 /* Frameworks */,
				18D3960B29BC348500B3A467 /* Resources */,
			);
			buildRules = (
			);
			dependencies = (
				18D3960F29BC348500B3A467 /* PBXTargetDependency */,
			);
			name = ARYIMBYUITests;
			productName = ARYIMBYUITests;
			productReference = 18D3960D29BC348500B3A467 /* ARYIMBYUITests.xctest */;
			productType = "com.apple.product-type.bundle.ui-testing";
		};
/* End PBXNativeTarget section */

/* Begin PBXProject section */
		18D395E629BC348100B3A467 /* Project object */ = {
			isa = PBXProject;
			attributes = {
				BuildIndependentTargetsInParallel = 1;
				LastSwiftUpdateCheck = 1420;
				LastUpgradeCheck = 1420;
				TargetAttributes = {
					18D395ED29BC348100B3A467 = {
						CreatedOnToolsVersion = 14.2;
					};
					18D3960229BC348500B3A467 = {
						CreatedOnToolsVersion = 14.2;
						TestTargetID = 18D395ED29BC348100B3A467;
					};
					18D3960C29BC348500B3A467 = {
						CreatedOnToolsVersion = 14.2;
						TestTargetID = 18D395ED29BC348100B3A467;
					};
				};
			};
			buildConfigurationList = 18D395E929BC348100B3A467 /* Build configuration list for PBXProject "ARYIMBY" */;
			compatibilityVersion = "Xcode 14.0";
			developmentRegion = en;
			hasScannedForEncodings = 0;
			knownRegions = (
				en,
				Base,
			);
			mainGroup = 18D395E529BC348100B3A467;
			packageReferences = (
				18A63E1829E344F30015B232 /* XCRemoteSwiftPackageReference "Swift-YouTube-Player" */,
			);
			productRefGroup = 18D395EF29BC348100B3A467 /* Products */;
			projectDirPath = "";
			projectRoot = "";
			targets = (
				18D395ED29BC348100B3A467 /* ARYIMBY */,
				18D3960229BC348500B3A467 /* ARYIMBYTests */,
				18D3960C29BC348500B3A467 /* ARYIMBYUITests */,
			);
		};
/* End PBXProject section */

/* Begin PBXResourcesBuildPhase section */
		18D395EC29BC348100B3A467 /* Resources */ = {
			isa = PBXResourcesBuildPhase;
			buildActionMask = 2147483647;
			files = (
				18D395F429BC348100B3A467 /* art.scnassets in Resources */,
				18D395FE29BC348400B3A467 /* LaunchScreen.storyboard in Resources */,
				18D395FB29BC348400B3A467 /* Assets.xcassets in Resources */,
				18D395F929BC348100B3A467 /* Main.storyboard in Resources */,
			);
			runOnlyForDeploymentPostprocessing = 0;
		};
		18D3960129BC348500B3A467 /* Resources */ = {
			isa = PBXResourcesBuildPhase;
			buildActionMask = 2147483647;
			files = (
			);
			runOnlyForDeploymentPostprocessing = 0;
		};
		18D3960B29BC348500B3A467 /* Resources */ = {
			isa = PBXResourcesBuildPhase;
			buildActionMask = 2147483647;
			files = (
			);
			runOnlyForDeploymentPostprocessing = 0;
		};
/* End PBXResourcesBuildPhase section */

/* Begin PBXSourcesBuildPhase section */
		18D395EA29BC348100B3A467 /* Sources */ = {
			isa = PBXSourcesBuildPhase;
			buildActionMask = 2147483647;
			files = (
				187622AC29E219C00040B1EA /* SiteConfirmViewController.swift in Sources */,
				180B915D29C666C900701D93 /* ModeChoiceViewController.swift in Sources */,
				180B915B29C6665900701D93 /* StartViewController.swift in Sources */,
				1808BD2B29ED07E60058FD07 /* ARVideoViewController.swift in Sources */,
				18D395F629BC348100B3A467 /* ViewController.swift in Sources */,
				18D395F229BC348100B3A467 /* AppDelegate.swift in Sources */,
				187622AA29E215D60040B1EA /* ARViewController.swift in Sources */,
				18A63E1529E326B20015B232 /* MapViewController.swift in Sources */,
				18A63E1729E343BE0015B232 /* IntroViewController.swift in Sources */,
			);
			runOnlyForDeploymentPostprocessing = 0;
		};
		18D395FF29BC348500B3A467 /* Sources */ = {
			isa = PBXSourcesBuildPhase;
			buildActionMask = 2147483647;
			files = (
				18D3960829BC348500B3A467 /* ARYIMBYTests.swift in Sources */,
			);
			runOnlyForDeploymentPostprocessing = 0;
		};
		18D3960929BC348500B3A467 /* Sources */ = {
			isa = PBXSourcesBuildPhase;
			buildActionMask = 2147483647;
			files = (
				18D3961429BC348500B3A467 /* ARYIMBYUITestsLaunchTests.swift in Sources */,
				18D3961229BC348500B3A467 /* ARYIMBYUITests.swift in Sources */,
			);
			runOnlyForDeploymentPostprocessing = 0;
		};
/* End PBXSourcesBuildPhase section */

/* Begin PBXTargetDependency section */
		18D3960529BC348500B3A467 /* PBXTargetDependency */ = {
			isa = PBXTargetDependency;
			target = 18D395ED29BC348100B3A467 /* ARYIMBY */;
			targetProxy = 18D3960429BC348500B3A467 /* PBXContainerItemProxy */;
		};
		18D3960F29BC348500B3A467 /* PBXTargetDependency */ = {
			isa = PBXTargetDependency;
			target = 18D395ED29BC348100B3A467 /* ARYIMBY */;
			targetProxy = 18D3960E29BC348500B3A467 /* PBXContainerItemProxy */;
		};
/* End PBXTargetDependency section */

/* Begin PBXVariantGroup section */
		18D395F729BC348100B3A467 /* Main.storyboard */ = {
			isa = PBXVariantGroup;
			children = (
				18D395F829BC348100B3A467 /* Base */,
			);
			name = Main.storyboard;
			sourceTree = "<group>";
		};
		18D395FC29BC348400B3A467 /* LaunchScreen.storyboard */ = {
			isa = PBXVariantGroup;
			children = (
				18D395FD29BC348400B3A467 /* Base */,
			);
			name = LaunchScreen.storyboard;
			sourceTree = "<group>";
		};
/* End PBXVariantGroup section */

/* Begin XCBuildConfiguration section */
		18D3961529BC348500B3A467 /* Debug */ = {
			isa = XCBuildConfiguration;
			buildSettings = {
				ALWAYS_SEARCH_USER_PATHS = NO;
				CLANG_ANALYZER_NONNULL = YES;
				CLANG_ANALYZER_NUMBER_OBJECT_CONVERSION = YES_AGGRESSIVE;
				CLANG_CXX_LANGUAGE_STANDARD = "gnu++20";
				CLANG_ENABLE_MODULES = YES;
				CLANG_ENABLE_OBJC_ARC = YES;
				CLANG_ENABLE_OBJC_WEAK = YES;
				CLANG_WARN_BLOCK_CAPTURE_AUTORELEASING = YES;
				CLANG_WARN_BOOL_CONVERSION = YES;
				CLANG_WARN_COMMA = YES;
				CLANG_WARN_CONSTANT_CONVERSION = YES;
				CLANG_WARN_DEPRECATED_OBJC_IMPLEMENTATIONS = YES;
				CLANG_WARN_DIRECT_OBJC_ISA_USAGE = YES_ERROR;
				CLANG_WARN_DOCUMENTATION_COMMENTS = YES;
				CLANG_WARN_EMPTY_BODY = YES;
				CLANG_WARN_ENUM_CONVERSION = YES;
				CLANG_WARN_INFINITE_RECURSION = YES;
				CLANG_WARN_INT_CONVERSION = YES;
				CLANG_WARN_NON_LITERAL_NULL_CONVERSION = YES;
				CLANG_WARN_OBJC_IMPLICIT_RETAIN_SELF = YES;
				CLANG_WARN_OBJC_LITERAL_CONVERSION = YES;
				CLANG_WARN_OBJC_ROOT_CLASS = YES_ERROR;
				CLANG_WARN_QUOTED_INCLUDE_IN_FRAMEWORK_HEADER = YES;
				CLANG_WARN_RANGE_LOOP_ANALYSIS = YES;
				CLANG_WARN_STRICT_PROTOTYPES = YES;
				CLANG_WARN_SUSPICIOUS_MOVE = YES;
				CLANG_WARN_UNGUARDED_AVAILABILITY = YES_AGGRESSIVE;
				CLANG_WARN_UNREACHABLE_CODE = YES;
				CLANG_WARN__DUPLICATE_METHOD_MATCH = YES;
				COPY_PHASE_STRIP = NO;
				DEBUG_INFORMATION_FORMAT = dwarf;
				ENABLE_STRICT_OBJC_MSGSEND = YES;
				ENABLE_TESTABILITY = YES;
				GCC_C_LANGUAGE_STANDARD = gnu11;
				GCC_DYNAMIC_NO_PIC = NO;
				GCC_NO_COMMON_BLOCKS = YES;
				GCC_OPTIMIZATION_LEVEL = 0;
				GCC_PREPROCESSOR_DEFINITIONS = (
					"DEBUG=1",
					"$(inherited)",
				);
				GCC_WARN_64_TO_32_BIT_CONVERSION = YES;
				GCC_WARN_ABOUT_RETURN_TYPE = YES_ERROR;
				GCC_WARN_UNDECLARED_SELECTOR = YES;
				GCC_WARN_UNINITIALIZED_AUTOS = YES_AGGRESSIVE;
				GCC_WARN_UNUSED_FUNCTION = YES;
				GCC_WARN_UNUSED_VARIABLE = YES;
				IPHONEOS_DEPLOYMENT_TARGET = 16.2;
				MTL_ENABLE_DEBUG_INFO = INCLUDE_SOURCE;
				MTL_FAST_MATH = YES;
				ONLY_ACTIVE_ARCH = YES;
				SDKROOT = iphoneos;
				SWIFT_ACTIVE_COMPILATION_CONDITIONS = DEBUG;
				SWIFT_OPTIMIZATION_LEVEL = "-Onone";
			};
			name = Debug;
		};
		18D3961629BC348500B3A467 /* Release */ = {
			isa = XCBuildConfiguration;
			buildSettings = {
				ALWAYS_SEARCH_USER_PATHS = NO;
				CLANG_ANALYZER_NONNULL = YES;
				CLANG_ANALYZER_NUMBER_OBJECT_CONVERSION = YES_AGGRESSIVE;
				CLANG_CXX_LANGUAGE_STANDARD = "gnu++20";
				CLANG_ENABLE_MODULES = YES;
				CLANG_ENABLE_OBJC_ARC = YES;
				CLANG_ENABLE_OBJC_WEAK = YES;
				CLANG_WARN_BLOCK_CAPTURE_AUTORELEASING = YES;
				CLANG_WARN_BOOL_CONVERSION = YES;
				CLANG_WARN_COMMA = YES;
				CLANG_WARN_CONSTANT_CONVERSION = YES;
				CLANG_WARN_DEPRECATED_OBJC_IMPLEMENTATIONS = YES;
				CLANG_WARN_DIRECT_OBJC_ISA_USAGE = YES_ERROR;
				CLANG_WARN_DOCUMENTATION_COMMENTS = YES;
				CLANG_WARN_EMPTY_BODY = YES;
				CLANG_WARN_ENUM_CONVERSION = YES;
				CLANG_WARN_INFINITE_RECURSION = YES;
				CLANG_WARN_INT_CONVERSION = YES;
				CLANG_WARN_NON_LITERAL_NULL_CONVERSION = YES;
				CLANG_WARN_OBJC_IMPLICIT_RETAIN_SELF = YES;
				CLANG_WARN_OBJC_LITERAL_CONVERSION = YES;
				CLANG_WARN_OBJC_ROOT_CLASS = YES_ERROR;
				CLANG_WARN_QUOTED_INCLUDE_IN_FRAMEWORK_HEADER = YES;
				CLANG_WARN_RANGE_LOOP_ANALYSIS = YES;
				CLANG_WARN_STRICT_PROTOTYPES = YES;
				CLANG_WARN_SUSPICIOUS_MOVE = YES;
				CLANG_WARN_UNGUARDED_AVAILABILITY = YES_AGGRESSIVE;
				CLANG_WARN_UNREACHABLE_CODE = YES;
				CLANG_WARN__DUPLICATE_METHOD_MATCH = YES;
				COPY_PHASE_STRIP = NO;
				DEBUG_INFORMATION_FORMAT = "dwarf-with-dsym";
				ENABLE_NS_ASSERTIONS = NO;
				ENABLE_STRICT_OBJC_MSGSEND = YES;
				GCC_C_LANGUAGE_STANDARD = gnu11;
				GCC_NO_COMMON_BLOCKS = YES;
				GCC_WARN_64_TO_32_BIT_CONVERSION = YES;
				GCC_WARN_ABOUT_RETURN_TYPE = YES_ERROR;
				GCC_WARN_UNDECLARED_SELECTOR = YES;
				GCC_WARN_UNINITIALIZED_AUTOS = YES_AGGRESSIVE;
				GCC_WARN_UNUSED_FUNCTION = YES;
				GCC_WARN_UNUSED_VARIABLE = YES;
				IPHONEOS_DEPLOYMENT_TARGET = 16.2;
				MTL_ENABLE_DEBUG_INFO = NO;
				MTL_FAST_MATH = YES;
				SDKROOT = iphoneos;
				SWIFT_COMPILATION_MODE = wholemodule;
				SWIFT_OPTIMIZATION_LEVEL = "-O";
				VALIDATE_PRODUCT = YES;
			};
			name = Release;
		};
		18D3961829BC348500B3A467 /* Debug */ = {
			isa = XCBuildConfiguration;
			buildSettings = {
				ASSETCATALOG_COMPILER_APPICON_NAME = AppIcon;
				ASSETCATALOG_COMPILER_GLOBAL_ACCENT_COLOR_NAME = AccentColor;
				CODE_SIGN_STYLE = Automatic;
				CURRENT_PROJECT_VERSION = 1;
				DEVELOPMENT_TEAM = WXHX435DGZ;
				GENERATE_INFOPLIST_FILE = YES;
				INFOPLIST_KEY_NSCameraUsageDescription = "";
				INFOPLIST_KEY_UIApplicationSupportsIndirectInputEvents = YES;
				INFOPLIST_KEY_UILaunchStoryboardName = LaunchScreen;
				INFOPLIST_KEY_UIMainStoryboardFile = Main;
				INFOPLIST_KEY_UIRequiredDeviceCapabilities = arkit;
				INFOPLIST_KEY_UIStatusBarHidden = YES;
				INFOPLIST_KEY_UISupportedInterfaceOrientations_iPad = "UIInterfaceOrientationPortrait UIInterfaceOrientationPortraitUpsideDown UIInterfaceOrientationLandscapeLeft UIInterfaceOrientationLandscapeRight";
				INFOPLIST_KEY_UISupportedInterfaceOrientations_iPhone = "UIInterfaceOrientationPortrait UIInterfaceOrientationLandscapeLeft UIInterfaceOrientationLandscapeRight";
				IPHONEOS_DEPLOYMENT_TARGET = 15.6;
				LD_RUNPATH_SEARCH_PATHS = (
					"$(inherited)",
					"@executable_path/Frameworks",
				);
				MARKETING_VERSION = 1.0;
				PRODUCT_BUNDLE_IDENTIFIER = WeW.ARYIMBY;
				PRODUCT_NAME = "$(TARGET_NAME)";
				SWIFT_EMIT_LOC_STRINGS = YES;
				SWIFT_VERSION = 5.0;
				TARGETED_DEVICE_FAMILY = "1,2";
			};
			name = Debug;
		};
		18D3961929BC348500B3A467 /* Release */ = {
			isa = XCBuildConfiguration;
			buildSettings = {
				ASSETCATALOG_COMPILER_APPICON_NAME = AppIcon;
				ASSETCATALOG_COMPILER_GLOBAL_ACCENT_COLOR_NAME = AccentColor;
				CODE_SIGN_STYLE = Automatic;
				CURRENT_PROJECT_VERSION = 1;
				DEVELOPMENT_TEAM = WXHX435DGZ;
				GENERATE_INFOPLIST_FILE = YES;
				INFOPLIST_KEY_NSCameraUsageDescription = "";
				INFOPLIST_KEY_UIApplicationSupportsIndirectInputEvents = YES;
				INFOPLIST_KEY_UILaunchStoryboardName = LaunchScreen;
				INFOPLIST_KEY_UIMainStoryboardFile = Main;
				INFOPLIST_KEY_UIRequiredDeviceCapabilities = arkit;
				INFOPLIST_KEY_UIStatusBarHidden = YES;
				INFOPLIST_KEY_UISupportedInterfaceOrientations_iPad = "UIInterfaceOrientationPortrait UIInterfaceOrientationPortraitUpsideDown UIInterfaceOrientationLandscapeLeft UIInterfaceOrientationLandscapeRight";
				INFOPLIST_KEY_UISupportedInterfaceOrientations_iPhone = "UIInterfaceOrientationPortrait UIInterfaceOrientationLandscapeLeft UIInterfaceOrientationLandscapeRight";
				IPHONEOS_DEPLOYMENT_TARGET = 15.6;
				LD_RUNPATH_SEARCH_PATHS = (
					"$(inherited)",
					"@executable_path/Frameworks",
				);
				MARKETING_VERSION = 1.0;
				PRODUCT_BUNDLE_IDENTIFIER = WeW.ARYIMBY;
				PRODUCT_NAME = "$(TARGET_NAME)";
				SWIFT_EMIT_LOC_STRINGS = YES;
				SWIFT_VERSION = 5.0;
				TARGETED_DEVICE_FAMILY = "1,2";
			};
			name = Release;
		};
		18D3961B29BC348500B3A467 /* Debug */ = {
			isa = XCBuildConfiguration;
			buildSettings = {
				ALWAYS_EMBED_SWIFT_STANDARD_LIBRARIES = YES;
				BUNDLE_LOADER = "$(TEST_HOST)";
				CODE_SIGN_STYLE = Automatic;
				CURRENT_PROJECT_VERSION = 1;
				DEVELOPMENT_TEAM = WXHX435DGZ;
				GENERATE_INFOPLIST_FILE = YES;
				IPHONEOS_DEPLOYMENT_TARGET = 16.2;
				MARKETING_VERSION = 1.0;
				PRODUCT_BUNDLE_IDENTIFIER = WeW.ARYIMBYTests;
				PRODUCT_NAME = "$(TARGET_NAME)";
				SWIFT_EMIT_LOC_STRINGS = NO;
				SWIFT_VERSION = 5.0;
				TARGETED_DEVICE_FAMILY = "1,2";
				TEST_HOST = "$(BUILT_PRODUCTS_DIR)/ARYIMBY.app/$(BUNDLE_EXECUTABLE_FOLDER_PATH)/ARYIMBY";
			};
			name = Debug;
		};
		18D3961C29BC348500B3A467 /* Release */ = {
			isa = XCBuildConfiguration;
			buildSettings = {
				ALWAYS_EMBED_SWIFT_STANDARD_LIBRARIES = YES;
				BUNDLE_LOADER = "$(TEST_HOST)";
				CODE_SIGN_STYLE = Automatic;
				CURRENT_PROJECT_VERSION = 1;
				DEVELOPMENT_TEAM = WXHX435DGZ;
				GENERATE_INFOPLIST_FILE = YES;
				IPHONEOS_DEPLOYMENT_TARGET = 16.2;
				MARKETING_VERSION = 1.0;
				PRODUCT_BUNDLE_IDENTIFIER = WeW.ARYIMBYTests;
				PRODUCT_NAME = "$(TARGET_NAME)";
				SWIFT_EMIT_LOC_STRINGS = NO;
				SWIFT_VERSION = 5.0;
				TARGETED_DEVICE_FAMILY = "1,2";
				TEST_HOST = "$(BUILT_PRODUCTS_DIR)/ARYIMBY.app/$(BUNDLE_EXECUTABLE_FOLDER_PATH)/ARYIMBY";
			};
			name = Release;
		};
		18D3961E29BC348500B3A467 /* Debug */ = {
			isa = XCBuildConfiguration;
			buildSettings = {
				ALWAYS_EMBED_SWIFT_STANDARD_LIBRARIES = YES;
				CODE_SIGN_STYLE = Automatic;
				CURRENT_PROJECT_VERSION = 1;
				DEVELOPMENT_TEAM = WXHX435DGZ;
				GENERATE_INFOPLIST_FILE = YES;
				MARKETING_VERSION = 1.0;
				PRODUCT_BUNDLE_IDENTIFIER = WeW.ARYIMBYUITests;
				PRODUCT_NAME = "$(TARGET_NAME)";
				SWIFT_EMIT_LOC_STRINGS = NO;
				SWIFT_VERSION = 5.0;
				TARGETED_DEVICE_FAMILY = "1,2";
				TEST_TARGET_NAME = ARYIMBY;
			};
			name = Debug;
		};
		18D3961F29BC348500B3A467 /* Release */ = {
			isa = XCBuildConfiguration;
			buildSettings = {
				ALWAYS_EMBED_SWIFT_STANDARD_LIBRARIES = YES;
				CODE_SIGN_STYLE = Automatic;
				CURRENT_PROJECT_VERSION = 1;
				DEVELOPMENT_TEAM = WXHX435DGZ;
				GENERATE_INFOPLIST_FILE = YES;
				MARKETING_VERSION = 1.0;
				PRODUCT_BUNDLE_IDENTIFIER = WeW.ARYIMBYUITests;
				PRODUCT_NAME = "$(TARGET_NAME)";
				SWIFT_EMIT_LOC_STRINGS = NO;
				SWIFT_VERSION = 5.0;
				TARGETED_DEVICE_FAMILY = "1,2";
				TEST_TARGET_NAME = ARYIMBY;
			};
			name = Release;
		};
/* End XCBuildConfiguration section */

/* Begin XCConfigurationList section */
		18D395E929BC348100B3A467 /* Build configuration list for PBXProject "ARYIMBY" */ = {
			isa = XCConfigurationList;
			buildConfigurations = (
				18D3961529BC348500B3A467 /* Debug */,
				18D3961629BC348500B3A467 /* Release */,
			);
			defaultConfigurationIsVisible = 0;
			defaultConfigurationName = Release;
		};
		18D3961729BC348500B3A467 /* Build configuration list for PBXNativeTarget "ARYIMBY" */ = {
			isa = XCConfigurationList;
			buildConfigurations = (
				18D3961829BC348500B3A467 /* Debug */,
				18D3961929BC348500B3A467 /* Release */,
			);
			defaultConfigurationIsVisible = 0;
			defaultConfigurationName = Release;
		};
		18D3961A29BC348500B3A467 /* Build configuration list for PBXNativeTarget "ARYIMBYTests" */ = {
			isa = XCConfigurationList;
			buildConfigurations = (
				18D3961B29BC348500B3A467 /* Debug */,
				18D3961C29BC348500B3A467 /* Release */,
			);
			defaultConfigurationIsVisible = 0;
			defaultConfigurationName = Release;
		};
		18D3961D29BC348500B3A467 /* Build configuration list for PBXNativeTarget "ARYIMBYUITests" */ = {
			isa = XCConfigurationList;
			buildConfigurations = (
				18D3961E29BC348500B3A467 /* Debug */,
				18D3961F29BC348500B3A467 /* Release */,
			);
			defaultConfigurationIsVisible = 0;
			defaultConfigurationName = Release;
		};
/* End XCConfigurationList section */

/* Begin XCRemoteSwiftPackageReference section */
		18A63E1829E344F30015B232 /* XCRemoteSwiftPackageReference "Swift-YouTube-Player" */ = {
			isa = XCRemoteSwiftPackageReference;
			repositoryURL = "https://github.com/gilesvangruisen/Swift-YouTube-Player.git";
			requirement = {
				kind = upToNextMajorVersion;
				minimumVersion = 0.4.0;
			};
		};
/* End XCRemoteSwiftPackageReference section */
	};
	rootObject = 18D395E629BC348100B3A467 /* Project object */;
}
